
Microsoft Visual Studio Solution File, Format Version 12.00
# Visual Studio Version 16
VisualStudioVersion = 16.0.29209.62
MinimumVisualStudioVersion = 10.0.40219.1
Project("{FAE04EC0-301F-11D3-BF4B-00C04F79EFBC}") = "ProgressQuest Client", "ProgressQuest Client.csproj", "{38D8BB9C-3544-4D2A-8C35-C2DAA7712CD6}"
EndProject
Global
	GlobalSection(SolutionConfigurationPlatforms) = preSolution
		Debug|Any CPU = Debug|Any CPU
		Release|Any CPU = Release|Any CPU
	EndGlobalSection
	GlobalSection(ProjectConfigurationPlatforms) = postSolution
		{38D8BB9C-3544-4D2A-8C35-C2DAA7712CD6}.Debug|Any CPU.ActiveCfg = Debug|Any CPU
		{38D8BB9C-3544-4D2A-8C35-C2DAA7712CD6}.Debug|Any CPU.Build.0 = Debug|Any CPU
		{38D8BB9C-3544-4D2A-8C35-C2DAA7712CD6}.Release|Any CPU.ActiveCfg = Release|Any CPU
		{38D8BB9C-3544-4D2A-8C35-C2DAA7712CD6}.Release|Any CPU.Build.0 = Release|Any CPU
	EndGlobalSection
	GlobalSection(SolutionProperties) = preSolution
		HideSolutionNode = FALSE
	EndGlobalSection
	GlobalSection(ExtensibilityGlobals) = postSolution
		SolutionGuid = {C6FB838F-AB1A-42F0-BACC-8369205F70EB}
	EndGlobalSection
EndGlobal
